# generated by rye
# use `rye lock` or `rye sync` to update this lockfile
#
# last locked with the following flags:
#   pre: false
#   features: []
#   all-features: false
#   with-sources: false
#   generate-hashes: false

-e file:.
dill==0.3.9
    # via multiprocess
multiprocess==0.70.17
    # via multiprocess-stub
